
Microsoft Visual Studio Solution File, Format Version 12.00
# Visual Studio Version 17
VisualStudioVersion = 17.10.35013.160
MinimumVisualStudioVersion = 10.0.40219.1
Project("{FAE04EC0-301F-11D3-BF4B-00C04F79EFBC}") = "WebApplication4", "WebApplication4\WebApplication4.csproj", "{FE365DA4-662A-416C-BF56-0CE8B483CD5B}"
EndProject
Global
	GlobalSection(SolutionConfigurationPlatforms) = preSolution
		Debug|Any CPU = Debug|Any CPU
		Release|Any CPU = Release|Any CPU
	EndGlobalSection
	GlobalSection(ProjectConfigurationPlatforms) = postSolution
		{FE365DA4-662A-416C-BF56-0CE8B483CD5B}.Debug|Any CPU.ActiveCfg = Debug|Any CPU
		{FE365DA4-662A-416C-BF56-0CE8B483CD5B}.Debug|Any CPU.Build.0 = Debug|Any CPU
		{FE365DA4-662A-416C-BF56-0CE8B483CD5B}.Release|Any CPU.ActiveCfg = Release|Any CPU
		{FE365DA4-662A-416C-BF56-0CE8B483CD5B}.Release|Any CPU.Build.0 = Release|Any CPU
	EndGlobalSection
	GlobalSection(SolutionProperties) = preSolution
		HideSolutionNode = FALSE
	EndGlobalSection
	GlobalSection(ExtensibilityGlobals) = postSolution
		SolutionGuid = {16A490A2-5365-4792-90E3-BFEAB5F6B205}
	EndGlobalSection
EndGlobal
